
Microsoft Visual Studio Solution File, Format Version 12.00
# Visual Studio Version 17
VisualStudioVersion = 17.9.34728.123
MinimumVisualStudioVersion = 10.0.40219.1
Project("{FAE04EC0-301F-11D3-BF4B-00C04F79EFBC}") = "LAB_1", "LAB_1\LAB_1.csproj", "{DF57DF0A-7402-407F-9B7F-D9DC22C1361C}"
EndProject
Global
	GlobalSection(SolutionConfigurationPlatforms) = preSolution
		Debug|Any CPU = Debug|Any CPU
		Release|Any CPU = Release|Any CPU
	EndGlobalSection
	GlobalSection(ProjectConfigurationPlatforms) = postSolution
		{DF57DF0A-7402-407F-9B7F-D9DC22C1361C}.Debug|Any CPU.ActiveCfg = Debug|Any CPU
		{DF57DF0A-7402-407F-9B7F-D9DC22C1361C}.Debug|Any CPU.Build.0 = Debug|Any CPU
		{DF57DF0A-7402-407F-9B7F-D9DC22C1361C}.Release|Any CPU.ActiveCfg = Release|Any CPU
		{DF57DF0A-7402-407F-9B7F-D9DC22C1361C}.Release|Any CPU.Build.0 = Release|Any CPU
	EndGlobalSection
	GlobalSection(SolutionProperties) = preSolution
		HideSolutionNode = FALSE
	EndGlobalSection
	GlobalSection(ExtensibilityGlobals) = postSolution
		SolutionGuid = {5BE7556B-69DE-461E-B307-3448281C1E2D}
	EndGlobalSection
EndGlobal
